
Microsoft Visual Studio Solution File, Format Version 12.00
# Visual Studio Version 17
VisualStudioVersion = 17.13.35919.96 d17.13
MinimumVisualStudioVersion = 10.0.40219.1
Project("{FAE04EC0-301F-11D3-BF4B-00C04F79EFBC}") = "WEB_BanAccGame", "WEB_BanAccGame\WEB_BanAccGame.csproj", "{3643544E-7E8E-4F04-A12F-33486C57348B}"
EndProject
Global
	GlobalSection(SolutionConfigurationPlatforms) = preSolution
		Debug|Any CPU = Debug|Any CPU
		Release|Any CPU = Release|Any CPU
	EndGlobalSection
	GlobalSection(ProjectConfigurationPlatforms) = postSolution
		{3643544E-7E8E-4F04-A12F-33486C57348B}.Debug|Any CPU.ActiveCfg = Debug|Any CPU
		{3643544E-7E8E-4F04-A12F-33486C57348B}.Debug|Any CPU.Build.0 = Debug|Any CPU
		{3643544E-7E8E-4F04-A12F-33486C57348B}.Release|Any CPU.ActiveCfg = Release|Any CPU
		{3643544E-7E8E-4F04-A12F-33486C57348B}.Release|Any CPU.Build.0 = Release|Any CPU
	EndGlobalSection
	GlobalSection(SolutionProperties) = preSolution
		HideSolutionNode = FALSE
	EndGlobalSection
	GlobalSection(ExtensibilityGlobals) = postSolution
		SolutionGuid = {F0F9FFB6-AFAA-4717-B53E-BBB2A33C3AB6}
	EndGlobalSection
EndGlobal
